
Microsoft Visual Studio Solution File, Format Version 12.00
# Visual Studio Version 17
VisualStudioVersion = 17.9.34616.47
MinimumVisualStudioVersion = 10.0.40219.1
Project("{FAE04EC0-301F-11D3-BF4B-00C04F79EFBC}") = "EFCoreApp", "EFCoreApp\EFCoreApp.csproj", "{40E16BCB-EE2F-499B-862B-72593D70A708}"
EndProject
Global
	GlobalSection(SolutionConfigurationPlatforms) = preSolution
		Debug|Any CPU = Debug|Any CPU
		Release|Any CPU = Release|Any CPU
	EndGlobalSection
	GlobalSection(ProjectConfigurationPlatforms) = postSolution
		{40E16BCB-EE2F-499B-862B-72593D70A708}.Debug|Any CPU.ActiveCfg = Debug|Any CPU
		{40E16BCB-EE2F-499B-862B-72593D70A708}.Debug|Any CPU.Build.0 = Debug|Any CPU
		{40E16BCB-EE2F-499B-862B-72593D70A708}.Release|Any CPU.ActiveCfg = Release|Any CPU
		{40E16BCB-EE2F-499B-862B-72593D70A708}.Release|Any CPU.Build.0 = Release|Any CPU
	EndGlobalSection
	GlobalSection(SolutionProperties) = preSolution
		HideSolutionNode = FALSE
	EndGlobalSection
	GlobalSection(ExtensibilityGlobals) = postSolution
		SolutionGuid = {E30B499A-624F-4364-9CF5-AB42A3136FD1}
	EndGlobalSection
EndGlobal
